// !$*UTF8*$!
{
	archiveVersion = 1;
	classes = {
	};
	objectVersion = 50;
	objects = {

/* Begin PBXBuildFile section */
		D4768A6F20FEEBFE007295C8 /* AppDelegate.m in Sources */ = {isa = PBXBuildFile; fileRef = D4768A6E20FEEBFE007295C8 /* AppDelegate.m */; };
		D4768A7220FEEBFE007295C8 /* ViewController.m in Sources */ = {isa = PBXBuildFile; fileRef = D4768A7120FEEBFE007295C8 /* ViewController.m */; };
		D4768A7520FEEBFE007295C8 /* Main.storyboard in Resources */ = {isa = PBXBuildFile; fileRef = D4768A7320FEEBFE007295C8 /* Main.storyboard */; };
		D4768A7720FEEC03007295C8 /* Assets.xcassets in Resources */ = {isa = PBXBuildFile; fileRef = D4768A7620FEEC03007295C8 /* Assets.xcassets */; };
		D4768A7A20FEEC03007295C8 /* LaunchScreen.storyboard in Resources */ = {isa = PBXBuildFile; fileRef = D4768A7820FEEC03007295C8 /* LaunchScreen.storyboard */; };
		D4768A7D20FEEC03007295C8 /* main.m in Sources */ = {isa = PBXBuildFile; fileRef = D4768A7C20FEEC03007295C8 /* main.m */; };
		D4768A8720FEEC03007295C8 /* CYRulerViewTests.m in Sources */ = {isa = PBXBuildFile; fileRef = D4768A8620FEEC03007295C8 /* CYRulerViewTests.m */; };
		D4768A9220FEEC03007295C8 /* CYRulerViewUITests.m in Sources */ = {isa = PBXBuildFile; fileRef = D4768A9120FEEC03007295C8 /* CYRulerViewUITests.m */; };
		D4768AA420FEECC5007295C8 /* CYRulerView.m in Sources */ = {isa = PBXBuildFile; fileRef = D4768AA220FEECC4007295C8 /* CYRulerView.m */; };
		D4768AA520FEECC5007295C8 /* CYScrollRulerView.m in Sources */ = {isa = PBXBuildFile; fileRef = D4768AA320FEECC5007295C8 /* CYScrollRulerView.m */; };
/* End PBXBuildFile section */

/* Begin PBXContainerItemProxy section */
		D4768A8320FEEC03007295C8 /* PBXContainerItemProxy */ = {
			isa = PBXContainerItemProxy;
			containerPortal = D4768A6220FEEBFE007295C8 /* Project object */;
			proxyType = 1;
			remoteGlobalIDString = D4768A6920FEEBFE007295C8;
			remoteInfo = CYRulerView;
		};
		D4768A8E20FEEC03007295C8 /* PBXContainerItemProxy */ = {
			isa = PBXContainerItemProxy;
			containerPortal = D4768A6220FEEBFE007295C8 /* Project object */;
			proxyType = 1;
			remoteGlobalIDString = D4768A6920FEEBFE007295C8;
			remoteInfo = CYRulerView;
		};
/* End PBXContainerItemProxy section */

/* Begin PBXFileReference section */
		D4768A6A20FEEBFE007295C8 /* CYRulerView.app */ = {isa = PBXFileReference; explicitFileType = wrapper.application; includeInIndex = 0; path = CYRulerView.app; sourceTree = BUILT_PRODUCTS_DIR; };
		D4768A6D20FEEBFE007295C8 /* AppDelegate.h */ = {isa = PBXFileReference; lastKnownFileType = sourcecode.c.h; path = AppDelegate.h; sourceTree = "<group>"; };
		D4768A6E20FEEBFE007295C8 /* AppDelegate.m */ = {isa = PBXFileReference; lastKnownFileType = sourcecode.c.objc; path = AppDelegate.m; sourceTree = "<group>"; };
		D4768A7020FEEBFE007295C8 /* ViewController.h */ = {isa = PBXFileReference; lastKnownFileType = sourcecode.c.h; path = ViewController.h; sourceTree = "<group>"; };
		D4768A7120FEEBFE007295C8 /* ViewController.m */ = {isa = PBXFileReference; lastKnownFileType = sourcecode.c.objc; path = ViewController.m; sourceTree = "<group>"; };
		D4768A7420FEEBFE007295C8 /* Base */ = {isa = PBXFileReference; lastKnownFileType = file.storyboard; name = Base; path = Base.lproj/Main.storyboard; sourceTree = "<group>"; };
		D4768A7620FEEC03007295C8 /* Assets.xcassets */ = {isa = PBXFileReference; lastKnownFileType = folder.assetcatalog; path = Assets.xcassets; sourceTree = "<group>"; };
		D4768A7920FEEC03007295C8 /* Base */ = {isa = PBXFileReference; lastKnownFileType = file.storyboard; name = Base; path = Base.lproj/LaunchScreen.storyboard; sourceTree = "<group>"; };
		D4768A7B20FEEC03007295C8 /* Info.plist */ = {isa = PBXFileReference; lastKnownFileType = text.plist.xml; path = Info.plist; sourceTree = "<group>"; };
		D4768A7C20FEEC03007295C8 /* main.m */ = {isa = PBXFileReference; lastKnownFileType = sourcecode.c.objc; path = main.m; sourceTree = "<group>"; };
		D4768A8220FEEC03007295C8 /* CYRulerViewTests.xctest */ = {isa = PBXFileReference; explicitFileType = wrapper.cfbundle; includeInIndex = 0; path = CYRulerViewTests.xctest; sourceTree = BUILT_PRODUCTS_DIR; };
		D4768A8620FEEC03007295C8 /* CYRulerViewTests.m */ = {isa = PBXFileReference; lastKnownFileType = sourcecode.c.objc; path = CYRulerViewTests.m; sourceTree = "<group>"; };
		D4768A8820FEEC03007295C8 /* Info.plist */ = {isa = PBXFileReference; lastKnownFileType = text.plist.xml; path = Info.plist; sourceTree = "<group>"; };
		D4768A8D20FEEC03007295C8 /* CYRulerViewUITests.xctest */ = {isa = PBXFileReference; explicitFileType = wrapper.cfbundle; includeInIndex = 0; path = CYRulerViewUITests.xctest; sourceTree = BUILT_PRODUCTS_DIR; };
		D4768A9120FEEC03007295C8 /* CYRulerViewUITests.m */ = {isa = PBXFileReference; lastKnownFileType = sourcecode.c.objc; path = CYRulerViewUITests.m; sourceTree = "<group>"; };
		D4768A9320FEEC03007295C8 /* Info.plist */ = {isa = PBXFileReference; lastKnownFileType = text.plist.xml; path = Info.plist; sourceTree = "<group>"; };
		D4768AA020FEECC4007295C8 /* CYRulerView.h */ = {isa = PBXFileReference; fileEncoding = 4; lastKnownFileType = sourcecode.c.h; path = CYRulerView.h; sourceTree = "<group>"; };
		D4768AA120FEECC4007295C8 /* CYScrollRulerView.h */ = {isa = PBXFileReference; fileEncoding = 4; lastKnownFileType = sourcecode.c.h; path = CYScrollRulerView.h; sourceTree = "<group>"; };
		D4768AA220FEECC4007295C8 /* CYRulerView.m */ = {isa = PBXFileReference; fileEncoding = 4; lastKnownFileType = sourcecode.c.objc; path = CYRulerView.m; sourceTree = "<group>"; };
		D4768AA320FEECC5007295C8 /* CYScrollRulerView.m */ = {isa = PBXFileReference; fileEncoding = 4; lastKnownFileType = sourcecode.c.objc; path = CYScrollRulerView.m; sourceTree = "<group>"; };
/* End PBXFileReference section */

/* Begin PBXFrameworksBuildPhase section */
		D4768A6720FEEBFE007295C8 /* Frameworks */ = {
			isa = PBXFrameworksBuildPhase;
			buildActionMask = 2147483647;
			files = (
			);
			runOnlyForDeploymentPostprocessing = 0;
		};
		D4768A7F20FEEC03007295C8 /* Frameworks */ = {
			isa = PBXFrameworksBuildPhase;
			buildActionMask = 2147483647;
			files = (
			);
			runOnlyForDeploymentPostprocessing = 0;
		};
		D4768A8A20FEEC03007295C8 /* Frameworks */ = {
			isa = PBXFrameworksBuildPhase;
			buildActionMask = 2147483647;
			files = (
			);
			runOnlyForDeploymentPostprocessing = 0;
		};
/* End PBXFrameworksBuildPhase section */

/* Begin PBXGroup section */
		D4768A6120FEEBFE007295C8 = {
			isa = PBXGroup;
			children = (
				D4768A6C20FEEBFE007295C8 /* CYRulerView */,
				D4768A8520FEEC03007295C8 /* CYRulerViewTests */,
				D4768A9020FEEC03007295C8 /* CYRulerViewUITests */,
				D4768A6B20FEEBFE007295C8 /* Products */,
			);
			sourceTree = "<group>";
		};
		D4768A6B20FEEBFE007295C8 /* Products */ = {
			isa = PBXGroup;
			children = (
				D4768A6A20FEEBFE007295C8 /* CYRulerView.app */,
				D4768A8220FEEC03007295C8 /* CYRulerViewTests.xctest */,
				D4768A8D20FEEC03007295C8 /* CYRulerViewUITests.xctest */,
			);
			name = Products;
			sourceTree = "<group>";
		};
		D4768A6C20FEEBFE007295C8 /* CYRulerView */ = {
			isa = PBXGroup;
			children = (
				D4768A9F20FEECB2007295C8 /* CYRulerView */,
				D4768A6D20FEEBFE007295C8 /* AppDelegate.h */,
				D4768A6E20FEEBFE007295C8 /* AppDelegate.m */,
				D4768A7020FEEBFE007295C8 /* ViewController.h */,
				D4768A7120FEEBFE007295C8 /* ViewController.m */,
				D4768A7320FEEBFE007295C8 /* Main.storyboard */,
				D4768A7620FEEC03007295C8 /* Assets.xcassets */,
				D4768A7820FEEC03007295C8 /* LaunchScreen.storyboard */,
				D4768A7B20FEEC03007295C8 /* Info.plist */,
				D4768A7C20FEEC03007295C8 /* main.m */,
			);
			path = CYRulerView;
			sourceTree = "<group>";
		};
		D4768A8520FEEC03007295C8 /* CYRulerViewTests */ = {
			isa = PBXGroup;
			children = (
				D4768A8620FEEC03007295C8 /* CYRulerViewTests.m */,
				D4768A8820FEEC03007295C8 /* Info.plist */,
			);
			path = CYRulerViewTests;
			sourceTree = "<group>";
		};
		D4768A9020FEEC03007295C8 /* CYRulerViewUITests */ = {
			isa = PBXGroup;
			children = (
				D4768A9120FEEC03007295C8 /* CYRulerViewUITests.m */,
				D4768A9320FEEC03007295C8 /* Info.plist */,
			);
			path = CYRulerViewUITests;
			sourceTree = "<group>";
		};
		D4768A9F20FEECB2007295C8 /* CYRulerView */ = {
			isa = PBXGroup;
			children = (
				D4768AA020FEECC4007295C8 /* CYRulerView.h */,
				D4768AA220FEECC4007295C8 /* CYRulerView.m */,
				D4768AA120FEECC4007295C8 /* CYScrollRulerView.h */,
				D4768AA320FEECC5007295C8 /* CYScrollRulerView.m */,
			);
			path = CYRulerView;
			sourceTree = "<group>";
		};
/* End PBXGroup section */

/* Begin PBXNativeTarget section */
		D4768A6920FEEBFE007295C8 /* CYRulerView */ = {
			isa = PBXNativeTarget;
			buildConfigurationList = D4768A9620FEEC03007295C8 /* Build configuration list for PBXNativeTarget "CYRulerView" */;
			buildPhases = (
				D4768A6620FEEBFE007295C8 /* Sources */,
				D4768A6720FEEBFE007295C8 /* Frameworks */,
				D4768A6820FEEBFE007295C8 /* Resources */,
			);
			buildRules = (
			);
			dependencies = (
			);
			name = CYRulerView;
			productName = CYRulerView;
			productReference = D4768A6A20FEEBFE007295C8 /* CYRulerView.app */;
			productType = "com.apple.product-type.application";
		};
		D4768A8120FEEC03007295C8 /* CYRulerViewTests */ = {
			isa = PBXNativeTarget;
			buildConfigurationList = D4768A9920FEEC03007295C8 /* Build configuration list for PBXNativeTarget "CYRulerViewTests" */;
			buildPhases = (
				D4768A7E20FEEC03007295C8 /* Sources */,
				D4768A7F20FEEC03007295C8 /* Frameworks */,
				D4768A8020FEEC03007295C8 /* Resources */,
			);
			buildRules = (
			);
			dependencies = (
				D4768A8420FEEC03007295C8 /* PBXTargetDependency */,
			);
			name = CYRulerViewTests;
			productName = CYRulerViewTests;
			productReference = D4768A8220FEEC03007295C8 /* CYRulerViewTests.xctest */;
			productType = "com.apple.product-type.bundle.unit-test";
		};
		D4768A8C20FEEC03007295C8 /* CYRulerViewUITests */ = {
			isa = PBXNativeTarget;
			buildConfigurationList = D4768A9C20FEEC03007295C8 /* Build configuration list for PBXNativeTarget "CYRulerViewUITests" */;
			buildPhases = (
				D4768A8920FEEC03007295C8 /* Sources */,
				D4768A8A20FEEC03007295C8 /* Frameworks */,
				D4768A8B20FEEC03007295C8 /* Resources */,
			);
			buildRules = (
			);
			dependencies = (
				D4768A8F20FEEC03007295C8 /* PBXTargetDependency */,
			);
			name = CYRulerViewUITests;
			productName = CYRulerViewUITests;
			productReference = D4768A8D20FEEC03007295C8 /* CYRulerViewUITests.xctest */;
			productType = "com.apple.product-type.bundle.ui-testing";
		};
/* End PBXNativeTarget section */

/* Begin PBXProject section */
		D4768A6220FEEBFE007295C8 /* Project object */ = {
			isa = PBXProject;
			attributes = {
				LastUpgradeCheck = 0940;
				ORGANIZATIONNAME = zdjt;
				TargetAttributes = {
					D4768A6920FEEBFE007295C8 = {
						CreatedOnToolsVersion = 9.4.1;
					};
					D4768A8120FEEC03007295C8 = {
						CreatedOnToolsVersion = 9.4.1;
						TestTargetID = D4768A6920FEEBFE007295C8;
					};
					D4768A8C20FEEC03007295C8 = {
						CreatedOnToolsVersion = 9.4.1;
						TestTargetID = D4768A6920FEEBFE007295C8;
					};
				};
			};
			buildConfigurationList = D4768A6520FEEBFE007295C8 /* Build configuration list for PBXProject "CYRulerView" */;
			compatibilityVersion = "Xcode 9.3";
			developmentRegion = en;
			hasScannedForEncodings = 0;
			knownRegions = (
				en,
				Base,
			);
			mainGroup = D4768A6120FEEBFE007295C8;
			productRefGroup = D4768A6B20FEEBFE007295C8 /* Products */;
			projectDirPath = "";
			projectRoot = "";
			targets = (
				D4768A6920FEEBFE007295C8 /* CYRulerView */,
				D4768A8120FEEC03007295C8 /* CYRulerViewTests */,
				D4768A8C20FEEC03007295C8 /* CYRulerViewUITests */,
			);
		};
/* End PBXProject section */

/* Begin PBXResourcesBuildPhase section */
		D4768A6820FEEBFE007295C8 /* Resources */ = {
			isa = PBXResourcesBuildPhase;
			buildActionMask = 2147483647;
			files = (
				D4768A7A20FEEC03007295C8 /* LaunchScreen.storyboard in Resources */,
				D4768A7720FEEC03007295C8 /* Assets.xcassets in Resources */,
				D4768A7520FEEBFE007295C8 /* Main.storyboard in Resources */,
			);
			runOnlyForDeploymentPostprocessing = 0;
		};
		D4768A8020FEEC03007295C8 /* Resources */ = {
			isa = PBXResourcesBuildPhase;
			buildActionMask = 2147483647;
			files = (
			);
			runOnlyForDeploymentPostprocessing = 0;
		};
		D4768A8B20FEEC03007295C8 /* Resources */ = {
			isa = PBXResourcesBuildPhase;
			buildActionMask = 2147483647;
			files = (
			);
			runOnlyForDeploymentPostprocessing = 0;
		};
/* End PBXResourcesBuildPhase section */

/* Begin PBXSourcesBuildPhase section */
		D4768A6620FEEBFE007295C8 /* Sources */ = {
			isa = PBXSourcesBuildPhase;
			buildActionMask = 2147483647;
			files = (
				D4768AA420FEECC5007295C8 /* CYRulerView.m in Sources */,
				D4768A7220FEEBFE007295C8 /* ViewController.m in Sources */,
				D4768A7D20FEEC03007295C8 /* main.m in Sources */,
				D4768AA520FEECC5007295C8 /* CYScrollRulerView.m in Sources */,
				D4768A6F20FEEBFE007295C8 /* AppDelegate.m in Sources */,
			);
			runOnlyForDeploymentPostprocessing = 0;
		};
		D4768A7E20FEEC03007295C8 /* Sources */ = {
			isa = PBXSourcesBuildPhase;
			buildActionMask = 2147483647;
			files = (
				D4768A8720FEEC03007295C8 /* CYRulerViewTests.m in Sources */,
			);
			runOnlyForDeploymentPostprocessing = 0;
		};
		D4768A8920FEEC03007295C8 /* Sources */ = {
			isa = PBXSourcesBuildPhase;
			buildActionMask = 2147483647;
			files = (
				D4768A9220FEEC03007295C8 /* CYRulerViewUITests.m in Sources */,
			);
			runOnlyForDeploymentPostprocessing = 0;
		};
/* End PBXSourcesBuildPhase section */

/* Begin PBXTargetDependency section */
		D4768A8420FEEC03007295C8 /* PBXTargetDependency */ = {
			isa = PBXTargetDependency;
			target = D4768A6920FEEBFE007295C8 /* CYRulerView */;
			targetProxy = D4768A8320FEEC03007295C8 /* PBXContainerItemProxy */;
		};
		D4768A8F20FEEC03007295C8 /* PBXTargetDependency */ = {
			isa = PBXTargetDependency;
			target = D4768A6920FEEBFE007295C8 /* CYRulerView */;
			targetProxy = D4768A8E20FEEC03007295C8 /* PBXContainerItemProxy */;
		};
/* End PBXTargetDependency section */

/* Begin PBXVariantGroup section */
		D4768A7320FEEBFE007295C8 /* Main.storyboard */ = {
			isa = PBXVariantGroup;
			children = (
				D4768A7420FEEBFE007295C8 /* Base */,
			);
			name = Main.storyboard;
			sourceTree = "<group>";
		};
		D4768A7820FEEC03007295C8 /* LaunchScreen.storyboard */ = {
			isa = PBXVariantGroup;
			children = (
				D4768A7920FEEC03007295C8 /* Base */,
			);
			name = LaunchScreen.storyboard;
			sourceTree = "<group>";
		};
/* End PBXVariantGroup section */

/* Begin XCBuildConfiguration section */
		D4768A9420FEEC03007295C8 /* Debug */ = {
			isa = XCBuildConfiguration;
			buildSettings = {
				ALWAYS_SEARCH_USER_PATHS = NO;
				CLANG_ANALYZER_NONNULL = YES;
				CLANG_ANALYZER_NUMBER_OBJECT_CONVERSION = YES_AGGRESSIVE;
				CLANG_CXX_LANGUAGE_STANDARD = "gnu++14";
				CLANG_CXX_LIBRARY = "libc++";
				CLANG_ENABLE_MODULES = YES;
				CLANG_ENABLE_OBJC_ARC = YES;
				CLANG_ENABLE_OBJC_WEAK = YES;
				CLANG_WARN_BLOCK_CAPTURE_AUTORELEASING = YES;
				CLANG_WARN_BOOL_CONVERSION = YES;
				CLANG_WARN_COMMA = YES;
				CLANG_WARN_CONSTANT_CONVERSION = YES;
				CLANG_WARN_DEPRECATED_OBJC_IMPLEMENTATIONS = YES;
				CLANG_WARN_DIRECT_OBJC_ISA_USAGE = YES_ERROR;
				CLANG_WARN_DOCUMENTATION_COMMENTS = YES;
				CLANG_WARN_EMPTY_BODY = YES;
				CLANG_WARN_ENUM_CONVERSION = YES;
				CLANG_WARN_INFINITE_RECURSION = YES;
				CLANG_WARN_INT_CONVERSION = YES;
				CLANG_WARN_NON_LITERAL_NULL_CONVERSION = YES;
				CLANG_WARN_OBJC_IMPLICIT_RETAIN_SELF = YES;
				CLANG_WARN_OBJC_LITERAL_CONVERSION = YES;
				CLANG_WARN_OBJC_ROOT_CLASS = YES_ERROR;
				CLANG_WARN_RANGE_LOOP_ANALYSIS = YES;
				CLANG_WARN_STRICT_PROTOTYPES = YES;
				CLANG_WARN_SUSPICIOUS_MOVE = YES;
				CLANG_WARN_UNGUARDED_AVAILABILITY = YES_AGGRESSIVE;
				CLANG_WARN_UNREACHABLE_CODE = YES;
				CLANG_WARN__DUPLICATE_METHOD_MATCH = YES;
				CODE_SIGN_IDENTITY = "iPhone Developer";
				COPY_PHASE_STRIP = NO;
				DEBUG_INFORMATION_FORMAT = dwarf;
				ENABLE_STRICT_OBJC_MSGSEND = YES;
				ENABLE_TESTABILITY = YES;
				GCC_C_LANGUAGE_STANDARD = gnu11;
				GCC_DYNAMIC_NO_PIC = NO;
				GCC_NO_COMMON_BLOCKS = YES;
				GCC_OPTIMIZATION_LEVEL = 0;
				GCC_PREPROCESSOR_DEFINITIONS = (
					"DEBUG=1",
					"$(inherited)",
				);
				GCC_WARN_64_TO_32_BIT_CONVERSION = YES;
				GCC_WARN_ABOUT_RETURN_TYPE = YES_ERROR;
				GCC_WARN_UNDECLARED_SELECTOR = YES;
				GCC_WARN_UNINITIALIZED_AUTOS = YES_AGGRESSIVE;
				GCC_WARN_UNUSED_FUNCTION = YES;
				GCC_WARN_UNUSED_VARIABLE = YES;
				IPHONEOS_DEPLOYMENT_TARGET = 8.0;
				MTL_ENABLE_DEBUG_INFO = YES;
				ONLY_ACTIVE_ARCH = YES;
				SDKROOT = iphoneos;
			};
			name = Debug;
		};
		D4768A9520FEEC03007295C8 /* Release */ = {
			isa = XCBuildConfiguration;
			buildSettings = {
				ALWAYS_SEARCH_USER_PATHS = NO;
				CLANG_ANALYZER_NONNULL = YES;
				CLANG_ANALYZER_NUMBER_OBJECT_CONVERSION = YES_AGGRESSIVE;
				CLANG_CXX_LANGUAGE_STANDARD = "gnu++14";
				CLANG_CXX_LIBRARY = "libc++";
				CLANG_ENABLE_MODULES = YES;
				CLANG_ENABLE_OBJC_ARC = YES;
				CLANG_ENABLE_OBJC_WEAK = YES;
				CLANG_WARN_BLOCK_CAPTURE_AUTORELEASING = YES;
				CLANG_WARN_BOOL_CONVERSION = YES;
				CLANG_WARN_COMMA = YES;
				CLANG_WARN_CONSTANT_CONVERSION = YES;
				CLANG_WARN_DEPRECATED_OBJC_IMPLEMENTATIONS = YES;
				CLANG_WARN_DIRECT_OBJC_ISA_USAGE = YES_ERROR;
				CLANG_WARN_DOCUMENTATION_COMMENTS = YES;
				CLANG_WARN_EMPTY_BODY = YES;
				CLANG_WARN_ENUM_CONVERSION = YES;
				CLANG_WARN_INFINITE_RECURSION = YES;
				CLANG_WARN_INT_CONVERSION = YES;
				CLANG_WARN_NON_LITERAL_NULL_CONVERSION = YES;
				CLANG_WARN_OBJC_IMPLICIT_RETAIN_SELF = YES;
				CLANG_WARN_OBJC_LITERAL_CONVERSION = YES;
				CLANG_WARN_OBJC_ROOT_CLASS = YES_ERROR;
				CLANG_WARN_RANGE_LOOP_ANALYSIS = YES;
				CLANG_WARN_STRICT_PROTOTYPES = YES;
				CLANG_WARN_SUSPICIOUS_MOVE = YES;
				CLANG_WARN_UNGUARDED_AVAILABILITY = YES_AGGRESSIVE;
				CLANG_WARN_UNREACHABLE_CODE = YES;
				CLANG_WARN__DUPLICATE_METHOD_MATCH = YES;
				CODE_SIGN_IDENTITY = "iPhone Developer";
				COPY_PHASE_STRIP = NO;
				DEBUG_INFORMATION_FORMAT = "dwarf-with-dsym";
				ENABLE_NS_ASSERTIONS = NO;
				ENABLE_STRICT_OBJC_MSGSEND = YES;
				GCC_C_LANGUAGE_STANDARD = gnu11;
				GCC_NO_COMMON_BLOCKS = YES;
				GCC_WARN_64_TO_32_BIT_CONVERSION = YES;
				GCC_WARN_ABOUT_RETURN_TYPE = YES_ERROR;
				GCC_WARN_UNDECLARED_SELECTOR = YES;
				GCC_WARN_UNINITIALIZED_AUTOS = YES_AGGRESSIVE;
				GCC_WARN_UNUSED_FUNCTION = YES;
				GCC_WARN_UNUSED_VARIABLE = YES;
				IPHONEOS_DEPLOYMENT_TARGET = 8.0;
				MTL_ENABLE_DEBUG_INFO = NO;
				SDKROOT = iphoneos;
				VALIDATE_PRODUCT = YES;
			};
			name = Release;
		};
		D4768A9720FEEC03007295C8 /* Debug */ = {
			isa = XCBuildConfiguration;
			buildSettings = {
				ASSETCATALOG_COMPILER_APPICON_NAME = AppIcon;
				CODE_SIGN_STYLE = Automatic;
				DEVELOPMENT_TEAM = "";
				INFOPLIST_FILE = CYRulerView/Info.plist;
				IPHONEOS_DEPLOYMENT_TARGET = 8.0;
				LD_RUNPATH_SEARCH_PATHS = (
					"$(inherited)",
					"@executable_path/Frameworks",
				);
				PRODUCT_BUNDLE_IDENTIFIER = com.y.CYRulerView;
				PRODUCT_NAME = "$(TARGET_NAME)";
				TARGETED_DEVICE_FAMILY = "1,2";
			};
			name = Debug;
		};
		D4768A9820FEEC03007295C8 /* Release */ = {
			isa = XCBuildConfiguration;
			buildSettings = {
				ASSETCATALOG_COMPILER_APPICON_NAME = AppIcon;
				CODE_SIGN_STYLE = Automatic;
				DEVELOPMENT_TEAM = "";
				INFOPLIST_FILE = CYRulerView/Info.plist;
				IPHONEOS_DEPLOYMENT_TARGET = 8.0;
				LD_RUNPATH_SEARCH_PATHS = (
					"$(inherited)",
					"@executable_path/Frameworks",
				);
				PRODUCT_BUNDLE_IDENTIFIER = com.y.CYRulerView;
				PRODUCT_NAME = "$(TARGET_NAME)";
				TARGETED_DEVICE_FAMILY = "1,2";
			};
			name = Release;
		};
		D4768A9A20FEEC03007295C8 /* Debug */ = {
			isa = XCBuildConfiguration;
			buildSettings = {
				BUNDLE_LOADER = "$(TEST_HOST)";
				CODE_SIGN_STYLE = Automatic;
				DEVELOPMENT_TEAM = "";
				INFOPLIST_FILE = CYRulerViewTests/Info.plist;
				LD_RUNPATH_SEARCH_PATHS = (
					"$(inherited)",
					"@executable_path/Frameworks",
					"@loader_path/Frameworks",
				);
				PRODUCT_BUNDLE_IDENTIFIER = com.frBao.CYRulerViewTests;
				PRODUCT_NAME = "$(TARGET_NAME)";
				TARGETED_DEVICE_FAMILY = "1,2";
				TEST_HOST = "$(BUILT_PRODUCTS_DIR)/CYRulerView.app/CYRulerView";
			};
			name = Debug;
		};
		D4768A9B20FEEC03007295C8 /* Release */ = {
			isa = XCBuildConfiguration;
			buildSettings = {
				BUNDLE_LOADER = "$(TEST_HOST)";
				CODE_SIGN_STYLE = Automatic;
				DEVELOPMENT_TEAM = "";
				INFOPLIST_FILE = CYRulerViewTests/Info.plist;
				LD_RUNPATH_SEARCH_PATHS = (
					"$(inherited)",
					"@executable_path/Frameworks",
					"@loader_path/Frameworks",
				);
				PRODUCT_BUNDLE_IDENTIFIER = com.frBao.CYRulerViewTests;
				PRODUCT_NAME = "$(TARGET_NAME)";
				TARGETED_DEVICE_FAMILY = "1,2";
				TEST_HOST = "$(BUILT_PRODUCTS_DIR)/CYRulerView.app/CYRulerView";
			};
			name = Release;
		};
		D4768A9D20FEEC03007295C8 /* Debug */ = {
			isa = XCBuildConfiguration;
			buildSettings = {
				CODE_SIGN_STYLE = Automatic;
				DEVELOPMENT_TEAM = "";
				INFOPLIST_FILE = CYRulerViewUITests/Info.plist;
				LD_RUNPATH_SEARCH_PATHS = (
					"$(inherited)",
					"@executable_path/Frameworks",
					"@loader_path/Frameworks",
				);
				PRODUCT_BUNDLE_IDENTIFIER = com.frBao.CYRulerViewUITests;
				PRODUCT_NAME = "$(TARGET_NAME)";
				TARGETED_DEVICE_FAMILY = "1,2";
				TEST_TARGET_NAME = CYRulerView;
			};
			name = Debug;
		};
		D4768A9E20FEEC03007295C8 /* Release */ = {
			isa = XCBuildConfiguration;
			buildSettings = {
				CODE_SIGN_STYLE = Automatic;
				DEVELOPMENT_TEAM = "";
				INFOPLIST_FILE = CYRulerViewUITests/Info.plist;
				LD_RUNPATH_SEARCH_PATHS = (
					"$(inherited)",
					"@executable_path/Frameworks",
					"@loader_path/Frameworks",
				);
				PRODUCT_BUNDLE_IDENTIFIER = com.frBao.CYRulerViewUITests;
				PRODUCT_NAME = "$(TARGET_NAME)";
				TARGETED_DEVICE_FAMILY = "1,2";
				TEST_TARGET_NAME = CYRulerView;
			};
			name = Release;
		};
/* End XCBuildConfiguration section */

/* Begin XCConfigurationList section */
		D4768A6520FEEBFE007295C8 /* Build configuration list for PBXProject "CYRulerView" */ = {
			isa = XCConfigurationList;
			buildConfigurations = (
				D4768A9420FEEC03007295C8 /* Debug */,
				D4768A9520FEEC03007295C8 /* Release */,
			);
			defaultConfigurationIsVisible = 0;
			defaultConfigurationName = Release;
		};
		D4768A9620FEEC03007295C8 /* Build configuration list for PBXNativeTarget "CYRulerView" */ = {
			isa = XCConfigurationList;
			buildConfigurations = (
				D4768A9720FEEC03007295C8 /* Debug */,
				D4768A9820FEEC03007295C8 /* Release */,
			);
			defaultConfigurationIsVisible = 0;
			defaultConfigurationName = Release;
		};
		D4768A9920FEEC03007295C8 /* Build configuration list for PBXNativeTarget "CYRulerViewTests" */ = {
			isa = XCConfigurationList;
			buildConfigurations = (
				D4768A9A20FEEC03007295C8 /* Debug */,
				D4768A9B20FEEC03007295C8 /* Release */,
			);
			defaultConfigurationIsVisible = 0;
			defaultConfigurationName = Release;
		};
		D4768A9C20FEEC03007295C8 /* Build configuration list for PBXNativeTarget "CYRulerViewUITests" */ = {
			isa = XCConfigurationList;
			buildConfigurations = (
				D4768A9D20FEEC03007295C8 /* Debug */,
				D4768A9E20FEEC03007295C8 /* Release */,
			);
			defaultConfigurationIsVisible = 0;
			defaultConfigurationName = Release;
		};
/* End XCConfigurationList section */
	};
	rootObject = D4768A6220FEEBFE007295C8 /* Project object */;
}
